
Microsoft Visual Studio Solution File, Format Version 12.00
# Visual Studio Version 16
VisualStudioVersion = 16.0.30503.244
MinimumVisualStudioVersion = 10.0.40219.1
Project("{FAE04EC0-301F-11D3-BF4B-00C04F79EFBC}") = "ConsoleApp1", "ConsoleApp1.csproj", "{B4D693A3-5035-44E8-A6F9-D7712359AA96}"
EndProject
Global
	GlobalSection(SolutionConfigurationPlatforms) = preSolution
		Debug|Any CPU = Debug|Any CPU
		Release|Any CPU = Release|Any CPU
	EndGlobalSection
	GlobalSection(ProjectConfigurationPlatforms) = postSolution
		{B4D693A3-5035-44E8-A6F9-D7712359AA96}.Debug|Any CPU.ActiveCfg = Debug|Any CPU
		{B4D693A3-5035-44E8-A6F9-D7712359AA96}.Debug|Any CPU.Build.0 = Debug|Any CPU
		{B4D693A3-5035-44E8-A6F9-D7712359AA96}.Release|Any CPU.ActiveCfg = Release|Any CPU
		{B4D693A3-5035-44E8-A6F9-D7712359AA96}.Release|Any CPU.Build.0 = Release|Any CPU
	EndGlobalSection
	GlobalSection(SolutionProperties) = preSolution
		HideSolutionNode = FALSE
	EndGlobalSection
	GlobalSection(ExtensibilityGlobals) = postSolution
		SolutionGuid = {8F2C333F-C834-4EC8-BDD8-90EBCD172BB9}
	EndGlobalSection
EndGlobal
